
Microsoft Visual Studio Solution File, Format Version 12.00
Project("{FAE04EC0-301F-11D3-BF4B-00C04F79EFBC}") = "DirectoryTools.ConsoleApp", "DirectoryTools.ConsoleApp\DirectoryTools.ConsoleApp.csproj", "{37AF3FBA-F06D-42A0-A590-2925C2B69277}"
EndProject
Global
	GlobalSection(SolutionConfigurationPlatforms) = preSolution
		Debug|Any CPU = Debug|Any CPU
		Release|Any CPU = Release|Any CPU
	EndGlobalSection
	GlobalSection(ProjectConfigurationPlatforms) = postSolution
		{37AF3FBA-F06D-42A0-A590-2925C2B69277}.Debug|Any CPU.ActiveCfg = Debug|Any CPU
		{37AF3FBA-F06D-42A0-A590-2925C2B69277}.Debug|Any CPU.Build.0 = Debug|Any CPU
		{37AF3FBA-F06D-42A0-A590-2925C2B69277}.Release|Any CPU.ActiveCfg = Release|Any CPU
		{37AF3FBA-F06D-42A0-A590-2925C2B69277}.Release|Any CPU.Build.0 = Release|Any CPU
	EndGlobalSection
EndGlobal
